
Microsoft Visual Studio Solution File, Format Version 12.00
# Visual Studio Version 17
VisualStudioVersion = 17.11.35312.102
MinimumVisualStudioVersion = 10.0.40219.1
Project("{9A19103F-16F7-4668-BE54-9A1E7A4F7556}") = "mergeblox", "mergeblox.csproj", "{8AF78FAC-C55C-4D4A-A450-0C60B8A456C6}"
EndProject
Global
	GlobalSection(SolutionConfigurationPlatforms) = preSolution
		Debug|Any CPU = Debug|Any CPU
		Release|Any CPU = Release|Any CPU
	EndGlobalSection
	GlobalSection(ProjectConfigurationPlatforms) = postSolution
		{8AF78FAC-C55C-4D4A-A450-0C60B8A456C6}.Debug|Any CPU.ActiveCfg = Debug|Any CPU
		{8AF78FAC-C55C-4D4A-A450-0C60B8A456C6}.Debug|Any CPU.Build.0 = Debug|Any CPU
		{8AF78FAC-C55C-4D4A-A450-0C60B8A456C6}.Release|Any CPU.ActiveCfg = Release|Any CPU
		{8AF78FAC-C55C-4D4A-A450-0C60B8A456C6}.Release|Any CPU.Build.0 = Release|Any CPU
	EndGlobalSection
	GlobalSection(SolutionProperties) = preSolution
		HideSolutionNode = FALSE
	EndGlobalSection
	GlobalSection(ExtensibilityGlobals) = postSolution
		SolutionGuid = {4C48DB5E-0E47-48F4-8D14-C89D54FCD170}
	EndGlobalSection
EndGlobal
